<?xml version="1.0" encoding="UTF-8"?>
<!DOCTYPE plist PUBLIC "-//Apple//DTD PLIST 1.0//EN" "http://www.apple.com/DTDs/PropertyList-1.0.dtd">
<plist version="1.0">
<dict>
	<key>archiveVersion</key>
	<string>1</string>
	<key>classes</key>
	<dict/>
	<key>objectVersion</key>
	<string>46</string>
	<key>objects</key>
	<dict>
		<key>1C65B23A255709DF9C955D06</key>
		<dict>
			<key>fileRef</key>
			<string>F095A506A2807F63F27C9CD8</string>
			<key>isa</key>
			<string>PBXBuildFile</string>
		</dict>
		<key>3852139086EFD1189B473A96</key>
		<dict>
			<key>buildActionMask</key>
			<string>2147483647</string>
			<key>files</key>
			<array/>
			<key>inputPaths</key>
			<array/>
			<key>isa</key>
			<string>PBXShellScriptBuildPhase</string>
			<key>name</key>
			<string>Copy Pods Resources</string>
			<key>outputPaths</key>
			<array/>
			<key>runOnlyForDeploymentPostprocessing</key>
			<string>0</string>
			<key>shellPath</key>
			<string>/bin/sh</string>
			<key>shellScript</key>
			<string>"${SRCROOT}/Pods/Target Support Files/Pods/Pods-resources.sh"
</string>
			<key>showEnvVarsInLog</key>
			<string>0</string>
		</dict>
		<key>53098A6419CBE60E00274FEE</key>
		<dict>
			<key>children</key>
			<array>
				<string>53098A6F19CBE60E00274FEE</string>
				<string>53098A8919CBE60E00274FEE</string>
				<string>53098A6E19CBE60E00274FEE</string>
				<string>F1D058A52D8F8539621157AA</string>
				<string>575D11FE46E984BC4FED6D54</string>
			</array>
			<key>isa</key>
			<string>PBXGroup</string>
			<key>sourceTree</key>
			<string>&lt;group&gt;</string>
		</dict>
		<key>53098A6519CBE60E00274FEE</key>
		<dict>
			<key>attributes</key>
			<dict>
				<key>LastUpgradeCheck</key>
				<string>0600</string>
				<key>ORGANIZATIONNAME</key>
				<string>Josh Freed</string>
				<key>TargetAttributes</key>
				<dict>
					<key>53098A6C19CBE60E00274FEE</key>
					<dict>
						<key>CreatedOnToolsVersion</key>
						<string>6.0.1</string>
						<key>DevelopmentTeam</key>
						<string>Q96RZM5NAK</string>
					</dict>
					<key>53098A8519CBE60E00274FEE</key>
					<dict>
						<key>CreatedOnToolsVersion</key>
						<string>6.0.1</string>
						<key>TestTargetID</key>
						<string>53098A6C19CBE60E00274FEE</string>
					</dict>
				</dict>
			</dict>
			<key>buildConfigurationList</key>
			<string>53098A6819CBE60E00274FEE</string>
			<key>compatibilityVersion</key>
			<string>Xcode 3.2</string>
			<key>developmentRegion</key>
			<string>English</string>
			<key>hasScannedForEncodings</key>
			<string>0</string>
			<key>isa</key>
			<string>PBXProject</string>
			<key>knownRegions</key>
			<array>
				<string>en</string>
				<string>Base</string>
			</array>
			<key>mainGroup</key>
			<string>53098A6419CBE60E00274FEE</string>
			<key>productRefGroup</key>
			<string>53098A6E19CBE60E00274FEE</string>
			<key>projectDirPath</key>
			<string></string>
			<key>projectReferences</key>
			<array/>
			<key>projectRoot</key>
			<string></string>
			<key>targets</key>
			<array>
				<string>53098A6C19CBE60E00274FEE</string>
				<string>53098A8519CBE60E00274FEE</string>
			</array>
		</dict>
		<key>53098A6819CBE60E00274FEE</key>
		<dict>
			<key>buildConfigurations</key>
			<array>
				<string>53098A8E19CBE60E00274FEE</string>
				<string>53098A8F19CBE60E00274FEE</string>
			</array>
			<key>defaultConfigurationIsVisible</key>
			<string>0</string>
			<key>defaultConfigurationName</key>
			<string>Release</string>
			<key>isa</key>
			<string>XCConfigurationList</string>
		</dict>
		<key>53098A6919CBE60E00274FEE</key>
		<dict>
			<key>buildActionMask</key>
			<string>2147483647</string>
			<key>files</key>
			<array>
				<string>53E43C6C19D0F61700EE28D0</string>
				<string>53098A9919CBF57200274FEE</string>
				<string>5344218519E07D52001A179E</string>
				<string>539D31D61A40BAAE006A689B</string>
				<string>535484A91A68977300A77FB0</string>
				<string>536B740419CE082B000F86D5</string>
				<string>535484A61A68481400A77FB0</string>
				<string>53346E9E19EDB4FD00EA7ABB</string>
				<string>53098A7919CBE60E00274FEE</string>
				<string>53B52E391A00713200C7D35B</string>
				<string>53098A7619CBE60E00274FEE</string>
				<string>53D3BB8819F82C8400BF17A2</string>
				<string>5391628819D24BA2005DB91F</string>
				<string>53098A9D19CC56E000274FEE</string>
				<string>53098A7319CBE60E00274FEE</string>
				<string>5344219019E1C9D6001A179E</string>
				<string>5344219319E1CAD3001A179E</string>
				<string>5344218119E07CC0001A179E</string>
				<string>5328AF5D1A2FF5EF00918645</string>
			</array>
			<key>isa</key>
			<string>PBXSourcesBuildPhase</string>
			<key>runOnlyForDeploymentPostprocessing</key>
			<string>0</string>
		</dict>
		<key>53098A6A19CBE60E00274FEE</key>
		<dict>
			<key>buildActionMask</key>
			<string>2147483647</string>
			<key>files</key>
			<array>
				<string>1C65B23A255709DF9C955D06</string>
			</array>
			<key>isa</key>
			<string>PBXFrameworksBuildPhase</string>
			<key>runOnlyForDeploymentPostprocessing</key>
			<string>0</string>
		</dict>
		<key>53098A6B19CBE60E00274FEE</key>
		<dict>
			<key>buildActionMask</key>
			<string>2147483647</string>
			<key>files</key>
			<array>
				<string>53D3BB7B19F8296A00BF17A2</string>
				<string>53D3BB8619F8296A00BF17A2</string>
				<string>53D3BB7E19F8296A00BF17A2</string>
				<string>53D3BB7519F8296A00BF17A2</string>
				<string>53D3BB7719F8296A00BF17A2</string>
				<string>53098A7C19CBE60E00274FEE</string>
				<string>53D3BB8119F8296A00BF17A2</string>
				<string>53D3BB8419F8296A00BF17A2</string>
				<string>53D3BB7619F8296A00BF17A2</string>
				<string>53D3BB7C19F8296A00BF17A2</string>
				<string>53098A8119CBE60E00274FEE</string>
				<string>5328AF5F1A2FF63700918645</string>
				<string>53D3BB7A19F8296A00BF17A2</string>
				<string>53D3BB7819F8296A00BF17A2</string>
				<string>53D3BB8319F8296A00BF17A2</string>
				<string>53D3BB8019F8296A00BF17A2</string>
				<string>53D3BB7919F8296A00BF17A2</string>
				<string>53D3BB7D19F8296A00BF17A2</string>
				<string>53098A7E19CBE60E00274FEE</string>
				<string>53D3BB8519F8296A00BF17A2</string>
				<string>53D3BB7F19F8296A00BF17A2</string>
				<string>53D3BB8219F8296A00BF17A2</string>
			</array>
			<key>isa</key>
			<string>PBXResourcesBuildPhase</string>
			<key>runOnlyForDeploymentPostprocessing</key>
			<string>0</string>
		</dict>
		<key>53098A6C19CBE60E00274FEE</key>
		<dict>
			<key>buildConfigurationList</key>
			<string>53098A9019CBE60E00274FEE</string>
			<key>buildPhases</key>
			<array>
				<string>B8C7E398B5616B3CFC4F4284</string>
				<string>53098A6919CBE60E00274FEE</string>
				<string>53098A6A19CBE60E00274FEE</string>
				<string>53098A6B19CBE60E00274FEE</string>
				<string>3852139086EFD1189B473A96</string>
			</array>
			<key>buildRules</key>
			<array/>
			<key>dependencies</key>
			<array/>
			<key>isa</key>
			<string>PBXNativeTarget</string>
			<key>name</key>
			<string>whodriving</string>
			<key>productName</key>
			<string>whodriving</string>
			<key>productReference</key>
			<string>53098A6D19CBE60E00274FEE</string>
			<key>productType</key>
			<string>com.apple.product-type.application</string>
		</dict>
		<key>53098A6D19CBE60E00274FEE</key>
		<dict>
			<key>explicitFileType</key>
			<string>wrapper.application</string>
			<key>includeInIndex</key>
			<string>0</string>
			<key>isa</key>
			<string>PBXFileReference</string>
			<key>path</key>
			<string>whodriving.app</string>
			<key>sourceTree</key>
			<string>BUILT_PRODUCTS_DIR</string>
		</dict>
		<key>53098A6E19CBE60E00274FEE</key>
		<dict>
			<key>children</key>
			<array>
				<string>53098A6D19CBE60E00274FEE</string>
				<string>53098A8619CBE60E00274FEE</string>
			</array>
			<key>isa</key>
			<string>PBXGroup</string>
			<key>name</key>
			<string>Products</string>
			<key>sourceTree</key>
			<string>&lt;group&gt;</string>
		</dict>
		<key>53098A6F19CBE60E00274FEE</key>
		<dict>
			<key>children</key>
			<array>
				<string>53098A9619CBF57200274FEE</string>
				<string>53098A9719CBF57200274FEE</string>
				<string>53098A7419CBE60E00274FEE</string>
				<string>53098A7519CBE60E00274FEE</string>
				<string>53E43C6A19D0F61700EE28D0</string>
				<string>53E43C6B19D0F61700EE28D0</string>
				<string>5391628619D24BA2005DB91F</string>
				<string>5344218E19E1C9D6001A179E</string>
				<string>5344218F19E1C9D6001A179E</string>
				<string>53098A7D19CBE60E00274FEE</string>
				<string>53098A7F19CBE60E00274FEE</string>
				<string>53098A7A19CBE60E00274FEE</string>
				<string>53098A9B19CC56E000274FEE</string>
				<string>53098A9C19CC56E000274FEE</string>
				<string>5344218219E07CC9001A179E</string>
				<string>537335F919F6D8A7008E2D47</string>
				<string>53098A7019CBE60E00274FEE</string>
				<string>53D3BB8719F82C8400BF17A2</string>
				<string>53346E9C19EDB4FD00EA7ABB</string>
				<string>53346E9D19EDB4FD00EA7ABB</string>
				<string>53098A7719CBE60E00274FEE</string>
				<string>53098A7819CBE60E00274FEE</string>
				<string>53B52E371A00713200C7D35B</string>
				<string>53B52E381A00713200C7D35B</string>
				<string>5328AF5B1A2FF5EF00918645</string>
				<string>5328AF5C1A2FF5EF00918645</string>
				<string>5328AF5E1A2FF63700918645</string>
				<string>539D31D41A40BAAE006A689B</string>
				<string>539D31D51A40BAAE006A689B</string>
				<string>535484A41A68481400A77FB0</string>
				<string>535484A51A68481400A77FB0</string>
				<string>535484A71A68977300A77FB0</string>
				<string>535484A81A68977300A77FB0</string>
			</array>
			<key>isa</key>
			<string>PBXGroup</string>
			<key>path</key>
			<string>whodriving</string>
			<key>sourceTree</key>
			<string>&lt;group&gt;</string>
		</dict>
		<key>53098A7019CBE60E00274FEE</key>
		<dict>
			<key>children</key>
			<array>
				<string>53098A7119CBE60E00274FEE</string>
				<string>53098A7219CBE60E00274FEE</string>
			</array>
			<key>isa</key>
			<string>PBXGroup</string>
			<key>name</key>
			<string>Supporting Files</string>
			<key>sourceTree</key>
			<string>&lt;group&gt;</string>
		</dict>
		<key>53098A7119CBE60E00274FEE</key>
		<dict>
			<key>isa</key>
			<string>PBXFileReference</string>
			<key>lastKnownFileType</key>
			<string>text.plist.xml</string>
			<key>path</key>
			<string>Info.plist</string>
			<key>sourceTree</key>
			<string>&lt;group&gt;</string>
		</dict>
		<key>53098A7219CBE60E00274FEE</key>
		<dict>
			<key>isa</key>
			<string>PBXFileReference</string>
			<key>lastKnownFileType</key>
			<string>sourcecode.c.objc</string>
			<key>path</key>
			<string>main.m</string>
			<key>sourceTree</key>
			<string>&lt;group&gt;</string>
		</dict>
		<key>53098A7319CBE60E00274FEE</key>
		<dict>
			<key>fileRef</key>
			<string>53098A7219CBE60E00274FEE</string>
			<key>isa</key>
			<string>PBXBuildFile</string>
		</dict>
		<key>53098A7419CBE60E00274FEE</key>
		<dict>
			<key>isa</key>
			<string>PBXFileReference</string>
			<key>lastKnownFileType</key>
			<string>sourcecode.c.h</string>
			<key>path</key>
			<string>AppDelegate.h</string>
			<key>sourceTree</key>
			<string>&lt;group&gt;</string>
		</dict>
		<key>53098A7519CBE60E00274FEE</key>
		<dict>
			<key>isa</key>
			<string>PBXFileReference</string>
			<key>lastKnownFileType</key>
			<string>sourcecode.c.objc</string>
			<key>path</key>
			<string>AppDelegate.m</string>
			<key>sourceTree</key>
			<string>&lt;group&gt;</string>
		</dict>
		<key>53098A7619CBE60E00274FEE</key>
		<dict>
			<key>fileRef</key>
			<string>53098A7519CBE60E00274FEE</string>
			<key>isa</key>
			<string>PBXBuildFile</string>
		</dict>
		<key>53098A7719CBE60E00274FEE</key>
		<dict>
			<key>isa</key>
			<string>PBXFileReference</string>
			<key>lastKnownFileType</key>
			<string>sourcecode.c.h</string>
			<key>path</key>
			<string>MainViewController.h</string>
			<key>sourceTree</key>
			<string>&lt;group&gt;</string>
		</dict>
		<key>53098A7819CBE60E00274FEE</key>
		<dict>
			<key>isa</key>
			<string>PBXFileReference</string>
			<key>lastKnownFileType</key>
			<string>sourcecode.c.objc</string>
			<key>path</key>
			<string>MainViewController.m</string>
			<key>sourceTree</key>
			<string>&lt;group&gt;</string>
		</dict>
		<key>53098A7919CBE60E00274FEE</key>
		<dict>
			<key>fileRef</key>
			<string>53098A7819CBE60E00274FEE</string>
			<key>isa</key>
			<string>PBXBuildFile</string>
		</dict>
		<key>53098A7A19CBE60E00274FEE</key>
		<dict>
			<key>children</key>
			<array>
				<string>53098A7B19CBE60E00274FEE</string>
			</array>
			<key>isa</key>
			<string>PBXVariantGroup</string>
			<key>name</key>
			<string>Main.storyboard</string>
			<key>sourceTree</key>
			<string>&lt;group&gt;</string>
		</dict>
		<key>53098A7B19CBE60E00274FEE</key>
		<dict>
			<key>isa</key>
			<string>PBXFileReference</string>
			<key>lastKnownFileType</key>
			<string>file.storyboard</string>
			<key>name</key>
			<string>Base</string>
			<key>path</key>
			<string>Base.lproj/Main.storyboard</string>
			<key>sourceTree</key>
			<string>&lt;group&gt;</string>
		</dict>
		<key>53098A7C19CBE60E00274FEE</key>
		<dict>
			<key>fileRef</key>
			<string>53098A7A19CBE60E00274FEE</string>
			<key>isa</key>
			<string>PBXBuildFile</string>
		</dict>
		<key>53098A7D19CBE60E00274FEE</key>
		<dict>
			<key>isa</key>
			<string>PBXFileReference</string>
			<key>lastKnownFileType</key>
			<string>folder.assetcatalog</string>
			<key>path</key>
			<string>Images.xcassets</string>
			<key>sourceTree</key>
			<string>&lt;group&gt;</string>
		</dict>
		<key>53098A7E19CBE60E00274FEE</key>
		<dict>
			<key>fileRef</key>
			<string>53098A7D19CBE60E00274FEE</string>
			<key>isa</key>
			<string>PBXBuildFile</string>
		</dict>
		<key>53098A7F19CBE60E00274FEE</key>
		<dict>
			<key>children</key>
			<array>
				<string>53098A8019CBE60E00274FEE</string>
			</array>
			<key>isa</key>
			<string>PBXVariantGroup</string>
			<key>name</key>
			<string>LaunchScreen.xib</string>
			<key>sourceTree</key>
			<string>&lt;group&gt;</string>
		</dict>
		<key>53098A8019CBE60E00274FEE</key>
		<dict>
			<key>isa</key>
			<string>PBXFileReference</string>
			<key>lastKnownFileType</key>
			<string>file.xib</string>
			<key>name</key>
			<string>Base</string>
			<key>path</key>
			<string>Base.lproj/LaunchScreen.xib</string>
			<key>sourceTree</key>
			<string>&lt;group&gt;</string>
		</dict>
		<key>53098A8119CBE60E00274FEE</key>
		<dict>
			<key>fileRef</key>
			<string>53098A7F19CBE60E00274FEE</string>
			<key>isa</key>
			<string>PBXBuildFile</string>
		</dict>
		<key>53098A8219CBE60E00274FEE</key>
		<dict>
			<key>buildActionMask</key>
			<string>2147483647</string>
			<key>files</key>
			<array>
				<string>53098A8D19CBE60E00274FEE</string>
				<string>53E0D74F1A19597000BB3006</string>
			</array>
			<key>isa</key>
			<string>PBXSourcesBuildPhase</string>
			<key>runOnlyForDeploymentPostprocessing</key>
			<string>0</string>
		</dict>
		<key>53098A8319CBE60E00274FEE</key>
		<dict>
			<key>buildActionMask</key>
			<string>2147483647</string>
			<key>files</key>
			<array/>
			<key>isa</key>
			<string>PBXFrameworksBuildPhase</string>
			<key>runOnlyForDeploymentPostprocessing</key>
			<string>0</string>
		</dict>
		<key>53098A8419CBE60E00274FEE</key>
		<dict>
			<key>buildActionMask</key>
			<string>2147483647</string>
			<key>files</key>
			<array/>
			<key>isa</key>
			<string>PBXResourcesBuildPhase</string>
			<key>runOnlyForDeploymentPostprocessing</key>
			<string>0</string>
		</dict>
		<key>53098A8519CBE60E00274FEE</key>
		<dict>
			<key>buildConfigurationList</key>
			<string>53098A9319CBE60E00274FEE</string>
			<key>buildPhases</key>
			<array>
				<string>53098A8219CBE60E00274FEE</string>
				<string>53098A8319CBE60E00274FEE</string>
				<string>53098A8419CBE60E00274FEE</string>
			</array>
			<key>buildRules</key>
			<array/>
			<key>dependencies</key>
			<array>
				<string>53098A8819CBE60E00274FEE</string>
			</array>
			<key>isa</key>
			<string>PBXNativeTarget</string>
			<key>name</key>
			<string>whodrivingTests</string>
			<key>productName</key>
			<string>whodrivingTests</string>
			<key>productReference</key>
			<string>53098A8619CBE60E00274FEE</string>
			<key>productType</key>
			<string>com.apple.product-type.bundle.unit-test</string>
		</dict>
		<key>53098A8619CBE60E00274FEE</key>
		<dict>
			<key>explicitFileType</key>
			<string>wrapper.cfbundle</string>
			<key>includeInIndex</key>
			<string>0</string>
			<key>isa</key>
			<string>PBXFileReference</string>
			<key>path</key>
			<string>whodrivingTests.xctest</string>
			<key>sourceTree</key>
			<string>BUILT_PRODUCTS_DIR</string>
		</dict>
		<key>53098A8719CBE60E00274FEE</key>
		<dict>
			<key>containerPortal</key>
			<string>53098A6519CBE60E00274FEE</string>
			<key>isa</key>
			<string>PBXContainerItemProxy</string>
			<key>proxyType</key>
			<string>1</string>
			<key>remoteGlobalIDString</key>
			<string>53098A6C19CBE60E00274FEE</string>
			<key>remoteInfo</key>
			<string>whodriving</string>
		</dict>
		<key>53098A8819CBE60E00274FEE</key>
		<dict>
			<key>isa</key>
			<string>PBXTargetDependency</string>
			<key>target</key>
			<string>53098A6C19CBE60E00274FEE</string>
			<key>targetProxy</key>
			<string>53098A8719CBE60E00274FEE</string>
		</dict>
		<key>53098A8919CBE60E00274FEE</key>
		<dict>
			<key>children</key>
			<array>
				<string>53E0D74E1A19597000BB3006</string>
				<string>53098A8C19CBE60E00274FEE</string>
				<string>53098A8A19CBE60E00274FEE</string>
			</array>
			<key>isa</key>
			<string>PBXGroup</string>
			<key>path</key>
			<string>whodrivingTests</string>
			<key>sourceTree</key>
			<string>&lt;group&gt;</string>
		</dict>
		<key>53098A8A19CBE60E00274FEE</key>
		<dict>
			<key>children</key>
			<array>
				<string>53098A8B19CBE60E00274FEE</string>
			</array>
			<key>isa</key>
			<string>PBXGroup</string>
			<key>name</key>
			<string>Supporting Files</string>
			<key>sourceTree</key>
			<string>&lt;group&gt;</string>
		</dict>
		<key>53098A8B19CBE60E00274FEE</key>
		<dict>
			<key>isa</key>
			<string>PBXFileReference</string>
			<key>lastKnownFileType</key>
			<string>text.plist.xml</string>
			<key>path</key>
			<string>Info.plist</string>
			<key>sourceTree</key>
			<string>&lt;group&gt;</string>
		</dict>
		<key>53098A8C19CBE60E00274FEE</key>
		<dict>
			<key>isa</key>
			<string>PBXFileReference</string>
			<key>lastKnownFileType</key>
			<string>sourcecode.c.objc</string>
			<key>path</key>
			<string>TripServiceTests.m</string>
			<key>sourceTree</key>
			<string>&lt;group&gt;</string>
		</dict>
		<key>53098A8D19CBE60E00274FEE</key>
		<dict>
			<key>fileRef</key>
			<string>53098A8C19CBE60E00274FEE</string>
			<key>isa</key>
			<string>PBXBuildFile</string>
		</dict>
		<key>53098A8E19CBE60E00274FEE</key>
		<dict>
			<key>buildSettings</key>
			<dict>
				<key>ALWAYS_SEARCH_USER_PATHS</key>
				<string>NO</string>
				<key>CLANG_CXX_LANGUAGE_STANDARD</key>
				<string>gnu++0x</string>
				<key>CLANG_CXX_LIBRARY</key>
				<string>libc++</string>
				<key>CLANG_ENABLE_MODULES</key>
				<string>YES</string>
				<key>CLANG_ENABLE_OBJC_ARC</key>
				<string>YES</string>
				<key>CLANG_WARN_BOOL_CONVERSION</key>
				<string>YES</string>
				<key>CLANG_WARN_CONSTANT_CONVERSION</key>
				<string>YES</string>
				<key>CLANG_WARN_DIRECT_OBJC_ISA_USAGE</key>
				<string>YES_ERROR</string>
				<key>CLANG_WARN_EMPTY_BODY</key>
				<string>YES</string>
				<key>CLANG_WARN_ENUM_CONVERSION</key>
				<string>YES</string>
				<key>CLANG_WARN_INT_CONVERSION</key>
				<string>YES</string>
				<key>CLANG_WARN_OBJC_ROOT_CLASS</key>
				<string>YES_ERROR</string>
				<key>CLANG_WARN_UNREACHABLE_CODE</key>
				<string>YES</string>
				<key>CLANG_WARN__DUPLICATE_METHOD_MATCH</key>
				<string>YES</string>
				<key>CODE_SIGN_IDENTITY[sdk=iphoneos*]</key>
				<string>iPhone Developer</string>
				<key>COPY_PHASE_STRIP</key>
				<string>NO</string>
				<key>ENABLE_STRICT_OBJC_MSGSEND</key>
				<string>YES</string>
				<key>GCC_C_LANGUAGE_STANDARD</key>
				<string>gnu99</string>
				<key>GCC_DYNAMIC_NO_PIC</key>
				<string>NO</string>
				<key>GCC_OPTIMIZATION_LEVEL</key>
				<string>0</string>
				<key>GCC_PREPROCESSOR_DEFINITIONS</key>
				<array>
					<string>DEBUG=1</string>
					<string>$(inherited)</string>
				</array>
				<key>GCC_SYMBOLS_PRIVATE_EXTERN</key>
				<string>NO</string>
				<key>GCC_WARN_64_TO_32_BIT_CONVERSION</key>
				<string>YES</string>
				<key>GCC_WARN_ABOUT_RETURN_TYPE</key>
				<string>YES_ERROR</string>
				<key>GCC_WARN_UNDECLARED_SELECTOR</key>
				<string>YES</string>
				<key>GCC_WARN_UNINITIALIZED_AUTOS</key>
				<string>YES_AGGRESSIVE</string>
				<key>GCC_WARN_UNUSED_FUNCTION</key>
				<string>YES</string>
				<key>GCC_WARN_UNUSED_VARIABLE</key>
				<string>YES</string>
				<key>IPHONEOS_DEPLOYMENT_TARGET</key>
				<string>8.0</string>
				<key>MTL_ENABLE_DEBUG_INFO</key>
				<string>YES</string>
				<key>ONLY_ACTIVE_ARCH</key>
				<string>YES</string>
				<key>SDKROOT</key>
				<string>iphoneos</string>
			</dict>
			<key>isa</key>
			<string>XCBuildConfiguration</string>
			<key>name</key>
			<string>Debug</string>
		</dict>
		<key>53098A8F19CBE60E00274FEE</key>
		<dict>
			<key>buildSettings</key>
			<dict>
				<key>ALWAYS_SEARCH_USER_PATHS</key>
				<string>NO</string>
				<key>CLANG_CXX_LANGUAGE_STANDARD</key>
				<string>gnu++0x</string>
				<key>CLANG_CXX_LIBRARY</key>
				<string>libc++</string>
				<key>CLANG_ENABLE_MODULES</key>
				<string>YES</string>
				<key>CLANG_ENABLE_OBJC_ARC</key>
				<string>YES</string>
				<key>CLANG_WARN_BOOL_CONVERSION</key>
				<string>YES</string>
				<key>CLANG_WARN_CONSTANT_CONVERSION</key>
				<string>YES</string>
				<key>CLANG_WARN_DIRECT_OBJC_ISA_USAGE</key>
				<string>YES_ERROR</string>
				<key>CLANG_WARN_EMPTY_BODY</key>
				<string>YES</string>
				<key>CLANG_WARN_ENUM_CONVERSION</key>
				<string>YES</string>
				<key>CLANG_WARN_INT_CONVERSION</key>
				<string>YES</string>
				<key>CLANG_WARN_OBJC_ROOT_CLASS</key>
				<string>YES_ERROR</string>
				<key>CLANG_WARN_UNREACHABLE_CODE</key>
				<string>YES</string>
				<key>CLANG_WARN__DUPLICATE_METHOD_MATCH</key>
				<string>YES</string>
				<key>CODE_SIGN_IDENTITY[sdk=iphoneos*]</key>
				<string>iPhone Developer</string>
				<key>COPY_PHASE_STRIP</key>
				<string>YES</string>
				<key>ENABLE_NS_ASSERTIONS</key>
				<string>NO</string>
				<key>ENABLE_STRICT_OBJC_MSGSEND</key>
				<string>YES</string>
				<key>GCC_C_LANGUAGE_STANDARD</key>
				<string>gnu99</string>
				<key>GCC_WARN_64_TO_32_BIT_CONVERSION</key>
				<string>YES</string>
				<key>GCC_WARN_ABOUT_RETURN_TYPE</key>
				<string>YES_ERROR</string>
				<key>GCC_WARN_UNDECLARED_SELECTOR</key>
				<string>YES</string>
				<key>GCC_WARN_UNINITIALIZED_AUTOS</key>
				<string>YES_AGGRESSIVE</string>
				<key>GCC_WARN_UNUSED_FUNCTION</key>
				<string>YES</string>
				<key>GCC_WARN_UNUSED_VARIABLE</key>
				<string>YES</string>
				<key>IPHONEOS_DEPLOYMENT_TARGET</key>
				<string>8.0</string>
				<key>MTL_ENABLE_DEBUG_INFO</key>
				<string>NO</string>
				<key>SDKROOT</key>
				<string>iphoneos</string>
				<key>VALIDATE_PRODUCT</key>
				<string>YES</string>
			</dict>
			<key>isa</key>
			<string>XCBuildConfiguration</string>
			<key>name</key>
			<string>Release</string>
		</dict>
		<key>53098A9019CBE60E00274FEE</key>
		<dict>
			<key>buildConfigurations</key>
			<array>
				<string>53098A9119CBE60E00274FEE</string>
				<string>53098A9219CBE60E00274FEE</string>
			</array>
			<key>defaultConfigurationIsVisible</key>
			<string>0</string>
			<key>defaultConfigurationName</key>
			<string>Release</string>
			<key>isa</key>
			<string>XCConfigurationList</string>
		</dict>
		<key>53098A9119CBE60E00274FEE</key>
		<dict>
			<key>baseConfigurationReference</key>
			<string>56E33B5235681850E3EBC330</string>
			<key>buildSettings</key>
			<dict>
				<key>ASSETCATALOG_COMPILER_APPICON_NAME</key>
				<string>AppIcon</string>
				<key>CODE_SIGN_IDENTITY</key>
				<string></string>
				<key>CODE_SIGN_IDENTITY[sdk=iphoneos*]</key>
				<string>iPhone Developer</string>
				<key>INFOPLIST_FILE</key>
				<string>whodriving/Info.plist</string>
				<key>LD_RUNPATH_SEARCH_PATHS</key>
				<string>$(inherited) @executable_path/Frameworks</string>
				<key>OTHER_LDFLAGS</key>
				<string>-all_load</string>
				<key>PRODUCT_NAME</key>
				<string>$(TARGET_NAME)</string>
				<key>PROVISIONING_PROFILE</key>
				<string></string>
				<key>TARGETED_DEVICE_FAMILY</key>
				<string>1,2</string>
			</dict>
			<key>isa</key>
			<string>XCBuildConfiguration</string>
			<key>name</key>
			<string>Debug</string>
		</dict>
		<key>53098A9219CBE60E00274FEE</key>
		<dict>
			<key>baseConfigurationReference</key>
			<string>E39AD54EE19CD404D9CFC243</string>
			<key>buildSettings</key>
			<dict>
				<key>ASSETCATALOG_COMPILER_APPICON_NAME</key>
				<string>AppIcon</string>
				<key>CODE_SIGN_IDENTITY</key>
				<string></string>
				<key>CODE_SIGN_IDENTITY[sdk=iphoneos*]</key>
				<string>iPhone Developer</string>
				<key>INFOPLIST_FILE</key>
				<string>whodriving/Info.plist</string>
				<key>LD_RUNPATH_SEARCH_PATHS</key>
				<string>$(inherited) @executable_path/Frameworks</string>
				<key>OTHER_LDFLAGS</key>
				<string>-all_load</string>
				<key>PRODUCT_NAME</key>
				<string>$(TARGET_NAME)</string>
				<key>PROVISIONING_PROFILE</key>
				<string></string>
				<key>TARGETED_DEVICE_FAMILY</key>
				<string>1,2</string>
			</dict>
			<key>isa</key>
			<string>XCBuildConfiguration</string>
			<key>name</key>
			<string>Release</string>
		</dict>
		<key>53098A9319CBE60E00274FEE</key>
		<dict>
			<key>buildConfigurations</key>
			<array>
				<string>53098A9419CBE60E00274FEE</string>
				<string>53098A9519CBE60E00274FEE</string>
			</array>
			<key>defaultConfigurationIsVisible</key>
			<string>0</string>
			<key>defaultConfigurationName</key>
			<string>Release</string>
			<key>isa</key>
			<string>XCConfigurationList</string>
		</dict>
		<key>53098A9419CBE60E00274FEE</key>
		<dict>
			<key>buildSettings</key>
			<dict>
				<key>BUNDLE_LOADER</key>
				<string>$(TEST_HOST)</string>
				<key>FRAMEWORK_SEARCH_PATHS</key>
				<array>
					<string>$(SDKROOT)/Developer/Library/Frameworks</string>
					<string>$(inherited)</string>
				</array>
				<key>GCC_PREPROCESSOR_DEFINITIONS</key>
				<array>
					<string>DEBUG=1</string>
					<string>$(inherited)</string>
				</array>
				<key>INFOPLIST_FILE</key>
				<string>whodrivingTests/Info.plist</string>
				<key>LD_RUNPATH_SEARCH_PATHS</key>
				<string>$(inherited) @executable_path/Frameworks @loader_path/Frameworks</string>
				<key>PRODUCT_NAME</key>
				<string>$(TARGET_NAME)</string>
				<key>TEST_HOST</key>
				<string>$(BUILT_PRODUCTS_DIR)/whodriving.app/whodriving</string>
			</dict>
			<key>isa</key>
			<string>XCBuildConfiguration</string>
			<key>name</key>
			<string>Debug</string>
		</dict>
		<key>53098A9519CBE60E00274FEE</key>
		<dict>
			<key>buildSettings</key>
			<dict>
				<key>BUNDLE_LOADER</key>
				<string>$(TEST_HOST)</string>
				<key>FRAMEWORK_SEARCH_PATHS</key>
				<array>
					<string>$(SDKROOT)/Developer/Library/Frameworks</string>
					<string>$(inherited)</string>
				</array>
				<key>INFOPLIST_FILE</key>
				<string>whodrivingTests/Info.plist</string>
				<key>LD_RUNPATH_SEARCH_PATHS</key>
				<string>$(inherited) @executable_path/Frameworks @loader_path/Frameworks</string>
				<key>PRODUCT_NAME</key>
				<string>$(TARGET_NAME)</string>
				<key>TEST_HOST</key>
				<string>$(BUILT_PRODUCTS_DIR)/whodriving.app/whodriving</string>
			</dict>
			<key>isa</key>
			<string>XCBuildConfiguration</string>
			<key>name</key>
			<string>Release</string>
		</dict>
		<key>53098A9619CBF57200274FEE</key>
		<dict>
			<key>fileEncoding</key>
			<string>4</string>
			<key>isa</key>
			<string>PBXFileReference</string>
			<key>lastKnownFileType</key>
			<string>sourcecode.c.h</string>
			<key>path</key>
			<string>AddDriverViewController.h</string>
			<key>sourceTree</key>
			<string>&lt;group&gt;</string>
		</dict>
		<key>53098A9719CBF57200274FEE</key>
		<dict>
			<key>fileEncoding</key>
			<string>4</string>
			<key>isa</key>
			<string>PBXFileReference</string>
			<key>lastKnownFileType</key>
			<string>sourcecode.c.objc</string>
			<key>path</key>
			<string>AddDriverViewController.m</string>
			<key>sourceTree</key>
			<string>&lt;group&gt;</string>
		</dict>
		<key>53098A9919CBF57200274FEE</key>
		<dict>
			<key>fileRef</key>
			<string>53098A9719CBF57200274FEE</string>
			<key>isa</key>
			<string>PBXBuildFile</string>
		</dict>
		<key>53098A9B19CC56E000274FEE</key>
		<dict>
			<key>fileEncoding</key>
			<string>4</string>
			<key>isa</key>
			<string>PBXFileReference</string>
			<key>lastKnownFileType</key>
			<string>sourcecode.c.h</string>
			<key>path</key>
			<string>ManageDriversTableViewController.h</string>
			<key>sourceTree</key>
			<string>&lt;group&gt;</string>
		</dict>
		<key>53098A9C19CC56E000274FEE</key>
		<dict>
			<key>fileEncoding</key>
			<string>4</string>
			<key>isa</key>
			<string>PBXFileReference</string>
			<key>lastKnownFileType</key>
			<string>sourcecode.c.objc</string>
			<key>path</key>
			<string>ManageDriversTableViewController.m</string>
			<key>sourceTree</key>
			<string>&lt;group&gt;</string>
		</dict>
		<key>53098A9D19CC56E000274FEE</key>
		<dict>
			<key>fileRef</key>
			<string>53098A9C19CC56E000274FEE</string>
			<key>isa</key>
			<string>PBXBuildFile</string>
		</dict>
		<key>5328AF5B1A2FF5EF00918645</key>
		<dict>
			<key>fileEncoding</key>
			<string>4</string>
			<key>isa</key>
			<string>PBXFileReference</string>
			<key>lastKnownFileType</key>
			<string>sourcecode.c.h</string>
			<key>path</key>
			<string>WelcomeView.h</string>
			<key>sourceTree</key>
			<string>&lt;group&gt;</string>
		</dict>
		<key>5328AF5C1A2FF5EF00918645</key>
		<dict>
			<key>fileEncoding</key>
			<string>4</string>
			<key>isa</key>
			<string>PBXFileReference</string>
			<key>lastKnownFileType</key>
			<string>sourcecode.c.objc</string>
			<key>path</key>
			<string>WelcomeView.m</string>
			<key>sourceTree</key>
			<string>&lt;group&gt;</string>
		</dict>
		<key>5328AF5D1A2FF5EF00918645</key>
		<dict>
			<key>fileRef</key>
			<string>5328AF5C1A2FF5EF00918645</string>
			<key>isa</key>
			<string>PBXBuildFile</string>
		</dict>
		<key>5328AF5E1A2FF63700918645</key>
		<dict>
			<key>fileEncoding</key>
			<string>4</string>
			<key>isa</key>
			<string>PBXFileReference</string>
			<key>lastKnownFileType</key>
			<string>file.xib</string>
			<key>path</key>
			<string>WelcomeView.xib</string>
			<key>sourceTree</key>
			<string>&lt;group&gt;</string>
		</dict>
		<key>5328AF5F1A2FF63700918645</key>
		<dict>
			<key>fileRef</key>
			<string>5328AF5E1A2FF63700918645</string>
			<key>isa</key>
			<string>PBXBuildFile</string>
		</dict>
		<key>53346E9C19EDB4FD00EA7ABB</key>
		<dict>
			<key>fileEncoding</key>
			<string>4</string>
			<key>isa</key>
			<string>PBXFileReference</string>
			<key>lastKnownFileType</key>
			<string>sourcecode.c.h</string>
			<key>path</key>
			<string>TripResultsViewController.h</string>
			<key>sourceTree</key>
			<string>&lt;group&gt;</string>
		</dict>
		<key>53346E9D19EDB4FD00EA7ABB</key>
		<dict>
			<key>fileEncoding</key>
			<string>4</string>
			<key>isa</key>
			<string>PBXFileReference</string>
			<key>lastKnownFileType</key>
			<string>sourcecode.c.objc</string>
			<key>path</key>
			<string>TripResultsViewController.m</string>
			<key>sourceTree</key>
			<string>&lt;group&gt;</string>
		</dict>
		<key>53346E9E19EDB4FD00EA7ABB</key>
		<dict>
			<key>fileRef</key>
			<string>53346E9D19EDB4FD00EA7ABB</string>
			<key>isa</key>
			<string>PBXBuildFile</string>
		</dict>
		<key>5344217F19E07CC0001A179E</key>
		<dict>
			<key>fileEncoding</key>
			<string>4</string>
			<key>isa</key>
			<string>PBXFileReference</string>
			<key>lastKnownFileType</key>
			<string>sourcecode.c.h</string>
			<key>path</key>
			<string>TripService.h</string>
			<key>sourceTree</key>
			<string>&lt;group&gt;</string>
		</dict>
		<key>5344218019E07CC0001A179E</key>
		<dict>
			<key>fileEncoding</key>
			<string>4</string>
			<key>isa</key>
			<string>PBXFileReference</string>
			<key>lastKnownFileType</key>
			<string>sourcecode.c.objc</string>
			<key>path</key>
			<string>TripService.m</string>
			<key>sourceTree</key>
			<string>&lt;group&gt;</string>
		</dict>
		<key>5344218119E07CC0001A179E</key>
		<dict>
			<key>fileRef</key>
			<string>5344218019E07CC0001A179E</string>
			<key>isa</key>
			<string>PBXBuildFile</string>
		</dict>
		<key>5344218219E07CC9001A179E</key>
		<dict>
			<key>children</key>
			<array>
				<string>536B740219CE082B000F86D5</string>
				<string>536B740319CE082B000F86D5</string>
				<string>5344217F19E07CC0001A179E</string>
				<string>5344218019E07CC0001A179E</string>
				<string>5344218319E07D52001A179E</string>
				<string>5344218419E07D52001A179E</string>
				<string>5344219119E1CAD3001A179E</string>
				<string>5344219219E1CAD3001A179E</string>
			</array>
			<key>isa</key>
			<string>PBXGroup</string>
			<key>name</key>
			<string>Model</string>
			<key>sourceTree</key>
			<string>&lt;group&gt;</string>
		</dict>
		<key>5344218319E07D52001A179E</key>
		<dict>
			<key>fileEncoding</key>
			<string>4</string>
			<key>isa</key>
			<string>PBXFileReference</string>
			<key>lastKnownFileType</key>
			<string>sourcecode.c.h</string>
			<key>path</key>
			<string>TripSpecification.h</string>
			<key>sourceTree</key>
			<string>&lt;group&gt;</string>
		</dict>
		<key>5344218419E07D52001A179E</key>
		<dict>
			<key>fileEncoding</key>
			<string>4</string>
			<key>isa</key>
			<string>PBXFileReference</string>
			<key>lastKnownFileType</key>
			<string>sourcecode.c.objc</string>
			<key>path</key>
			<string>TripSpecification.m</string>
			<key>sourceTree</key>
			<string>&lt;group&gt;</string>
		</dict>
		<key>5344218519E07D52001A179E</key>
		<dict>
			<key>fileRef</key>
			<string>5344218419E07D52001A179E</string>
			<key>isa</key>
			<string>PBXBuildFile</string>
		</dict>
		<key>5344218E19E1C9D6001A179E</key>
		<dict>
			<key>fileEncoding</key>
			<string>4</string>
			<key>isa</key>
			<string>PBXFileReference</string>
			<key>lastKnownFileType</key>
			<string>sourcecode.c.h</string>
			<key>path</key>
			<string>DriverResultCollectionViewCell.h</string>
			<key>sourceTree</key>
			<string>&lt;group&gt;</string>
		</dict>
		<key>5344218F19E1C9D6001A179E</key>
		<dict>
			<key>fileEncoding</key>
			<string>4</string>
			<key>isa</key>
			<string>PBXFileReference</string>
			<key>lastKnownFileType</key>
			<string>sourcecode.c.objc</string>
			<key>path</key>
			<string>DriverResultCollectionViewCell.m</string>
			<key>sourceTree</key>
			<string>&lt;group&gt;</string>
		</dict>
		<key>5344219019E1C9D6001A179E</key>
		<dict>
			<key>fileRef</key>
			<string>5344218F19E1C9D6001A179E</string>
			<key>isa</key>
			<string>PBXBuildFile</string>
		</dict>
		<key>5344219119E1CAD3001A179E</key>
		<dict>
			<key>fileEncoding</key>
			<string>4</string>
			<key>isa</key>
			<string>PBXFileReference</string>
			<key>lastKnownFileType</key>
			<string>sourcecode.c.h</string>
			<key>path</key>
			<string>DriverResult.h</string>
			<key>sourceTree</key>
			<string>&lt;group&gt;</string>
		</dict>
		<key>5344219219E1CAD3001A179E</key>
		<dict>
			<key>fileEncoding</key>
			<string>4</string>
			<key>isa</key>
			<string>PBXFileReference</string>
			<key>lastKnownFileType</key>
			<string>sourcecode.c.objc</string>
			<key>path</key>
			<string>DriverResult.m</string>
			<key>sourceTree</key>
			<string>&lt;group&gt;</string>
		</dict>
		<key>5344219319E1CAD3001A179E</key>
		<dict>
			<key>fileRef</key>
			<string>5344219219E1CAD3001A179E</string>
			<key>isa</key>
			<string>PBXBuildFile</string>
		</dict>
		<key>535484A41A68481400A77FB0</key>
		<dict>
			<key>fileEncoding</key>
			<string>4</string>
			<key>isa</key>
			<string>PBXFileReference</string>
			<key>lastKnownFileType</key>
			<string>sourcecode.c.h</string>
			<key>path</key>
			<string>FadeTransitionAnimator.h</string>
			<key>sourceTree</key>
			<string>&lt;group&gt;</string>
		</dict>
		<key>535484A51A68481400A77FB0</key>
		<dict>
			<key>fileEncoding</key>
			<string>4</string>
			<key>isa</key>
			<string>PBXFileReference</string>
			<key>lastKnownFileType</key>
			<string>sourcecode.c.objc</string>
			<key>path</key>
			<string>FadeTransitionAnimator.m</string>
			<key>sourceTree</key>
			<string>&lt;group&gt;</string>
		</dict>
		<key>535484A61A68481400A77FB0</key>
		<dict>
			<key>fileRef</key>
			<string>535484A51A68481400A77FB0</string>
			<key>isa</key>
			<string>PBXBuildFile</string>
		</dict>
		<key>535484A71A68977300A77FB0</key>
		<dict>
			<key>fileEncoding</key>
			<string>4</string>
			<key>isa</key>
			<string>PBXFileReference</string>
			<key>lastKnownFileType</key>
			<string>sourcecode.c.h</string>
			<key>path</key>
			<string>ResultsViewController.h</string>
			<key>sourceTree</key>
			<string>&lt;group&gt;</string>
		</dict>
		<key>535484A81A68977300A77FB0</key>
		<dict>
			<key>fileEncoding</key>
			<string>4</string>
			<key>isa</key>
			<string>PBXFileReference</string>
			<key>lastKnownFileType</key>
			<string>sourcecode.c.objc</string>
			<key>path</key>
			<string>ResultsViewController.m</string>
			<key>sourceTree</key>
			<string>&lt;group&gt;</string>
		</dict>
		<key>535484A91A68977300A77FB0</key>
		<dict>
			<key>fileRef</key>
			<string>535484A81A68977300A77FB0</string>
			<key>isa</key>
			<string>PBXBuildFile</string>
		</dict>
		<key>536B740219CE082B000F86D5</key>
		<dict>
			<key>fileEncoding</key>
			<string>4</string>
			<key>isa</key>
			<string>PBXFileReference</string>
			<key>lastKnownFileType</key>
			<string>sourcecode.c.h</string>
			<key>path</key>
			<string>Driver.h</string>
			<key>sourceTree</key>
			<string>&lt;group&gt;</string>
		</dict>
		<key>536B740319CE082B000F86D5</key>
		<dict>
			<key>fileEncoding</key>
			<string>4</string>
			<key>isa</key>
			<string>PBXFileReference</string>
			<key>lastKnownFileType</key>
			<string>sourcecode.c.objc</string>
			<key>path</key>
			<string>Driver.m</string>
			<key>sourceTree</key>
			<string>&lt;group&gt;</string>
		</dict>
		<key>536B740419CE082B000F86D5</key>
		<dict>
			<key>fileRef</key>
			<string>536B740319CE082B000F86D5</string>
			<key>isa</key>
			<string>PBXBuildFile</string>
		</dict>
		<key>537335F919F6D8A7008E2D47</key>
		<dict>
			<key>children</key>
			<array>
				<string>5373360819F6D8E4008E2D47</string>
			</array>
			<key>isa</key>
			<string>PBXGroup</string>
			<key>name</key>
			<string>Resources</string>
			<key>sourceTree</key>
			<string>&lt;group&gt;</string>
		</dict>
		<key>5373360819F6D8E4008E2D47</key>
		<dict>
			<key>children</key>
			<array>
				<string>53D3BB6319F8296A00BF17A2</string>
				<string>53D3BB6419F8296A00BF17A2</string>
				<string>53D3BB6519F8296A00BF17A2</string>
				<string>53D3BB6619F8296A00BF17A2</string>
				<string>53D3BB6719F8296A00BF17A2</string>
				<string>53D3BB6819F8296A00BF17A2</string>
				<string>53D3BB6919F8296A00BF17A2</string>
				<string>53D3BB6A19F8296A00BF17A2</string>
				<string>53D3BB6B19F8296A00BF17A2</string>
				<string>53D3BB6C19F8296A00BF17A2</string>
				<string>53D3BB6D19F8296A00BF17A2</string>
				<string>53D3BB6E19F8296A00BF17A2</string>
				<string>53D3BB6F19F8296A00BF17A2</string>
				<string>53D3BB7019F8296A00BF17A2</string>
				<string>53D3BB7119F8296A00BF17A2</string>
				<string>53D3BB7219F8296A00BF17A2</string>
				<string>53D3BB7319F8296A00BF17A2</string>
				<string>53D3BB7419F8296A00BF17A2</string>
			</array>
			<key>isa</key>
			<string>PBXGroup</string>
			<key>name</key>
			<string>Fonts</string>
			<key>sourceTree</key>
			<string>&lt;group&gt;</string>
		</dict>
		<key>5391628619D24BA2005DB91F</key>
		<dict>
			<key>children</key>
			<array>
				<string>53FFC62419E44BBA00780E7D</string>
				<string>5391628719D24BA2005DB91F</string>
			</array>
			<key>currentVersion</key>
			<string>53FFC62419E44BBA00780E7D</string>
			<key>isa</key>
			<string>XCVersionGroup</string>
			<key>path</key>
			<string>DriverModel.xcdatamodeld</string>
			<key>sourceTree</key>
			<string>&lt;group&gt;</string>
			<key>versionGroupType</key>
			<string>wrapper.xcdatamodel</string>
		</dict>
		<key>5391628719D24BA2005DB91F</key>
		<dict>
			<key>isa</key>
			<string>PBXFileReference</string>
			<key>lastKnownFileType</key>
			<string>wrapper.xcdatamodel</string>
			<key>path</key>
			<string>DriverModel.xcdatamodel</string>
			<key>sourceTree</key>
			<string>&lt;group&gt;</string>
		</dict>
		<key>5391628819D24BA2005DB91F</key>
		<dict>
			<key>fileRef</key>
			<string>5391628619D24BA2005DB91F</string>
			<key>isa</key>
			<string>PBXBuildFile</string>
		</dict>
		<key>539D31D41A40BAAE006A689B</key>
		<dict>
			<key>fileEncoding</key>
			<string>4</string>
			<key>isa</key>
			<string>PBXFileReference</string>
			<key>lastKnownFileType</key>
			<string>sourcecode.c.h</string>
			<key>path</key>
			<string>JoshView.h</string>
			<key>sourceTree</key>
			<string>&lt;group&gt;</string>
		</dict>
		<key>539D31D51A40BAAE006A689B</key>
		<dict>
			<key>fileEncoding</key>
			<string>4</string>
			<key>isa</key>
			<string>PBXFileReference</string>
			<key>lastKnownFileType</key>
			<string>sourcecode.c.objc</string>
			<key>path</key>
			<string>JoshView.m</string>
			<key>sourceTree</key>
			<string>&lt;group&gt;</string>
		</dict>
		<key>539D31D61A40BAAE006A689B</key>
		<dict>
			<key>fileRef</key>
			<string>539D31D51A40BAAE006A689B</string>
			<key>isa</key>
			<string>PBXBuildFile</string>
		</dict>
		<key>53B52E371A00713200C7D35B</key>
		<dict>
			<key>fileEncoding</key>
			<string>4</string>
			<key>isa</key>
			<string>PBXFileReference</string>
			<key>lastKnownFileType</key>
			<string>sourcecode.c.h</string>
			<key>path</key>
			<string>ViewHelper.h</string>
			<key>sourceTree</key>
			<string>&lt;group&gt;</string>
		</dict>
		<key>53B52E381A00713200C7D35B</key>
		<dict>
			<key>fileEncoding</key>
			<string>4</string>
			<key>isa</key>
			<string>PBXFileReference</string>
			<key>lastKnownFileType</key>
			<string>sourcecode.c.objc</string>
			<key>path</key>
			<string>ViewHelper.m</string>
			<key>sourceTree</key>
			<string>&lt;group&gt;</string>
		</dict>
		<key>53B52E391A00713200C7D35B</key>
		<dict>
			<key>fileRef</key>
			<string>53B52E381A00713200C7D35B</string>
			<key>isa</key>
			<string>PBXBuildFile</string>
		</dict>
		<key>53D3BB6319F8296A00BF17A2</key>
		<dict>
			<key>isa</key>
			<string>PBXFileReference</string>
			<key>lastKnownFileType</key>
			<string>file</string>
			<key>path</key>
			<string>Lato-Black.ttf</string>
			<key>sourceTree</key>
			<string>&lt;group&gt;</string>
		</dict>
		<key>53D3BB6419F8296A00BF17A2</key>
		<dict>
			<key>isa</key>
			<string>PBXFileReference</string>
			<key>lastKnownFileType</key>
			<string>file</string>
			<key>path</key>
			<string>Lato-BlackItalic.ttf</string>
			<key>sourceTree</key>
			<string>&lt;group&gt;</string>
		</dict>
		<key>53D3BB6519F8296A00BF17A2</key>
		<dict>
			<key>isa</key>
			<string>PBXFileReference</string>
			<key>lastKnownFileType</key>
			<string>file</string>
			<key>path</key>
			<string>Lato-Bold.ttf</string>
			<key>sourceTree</key>
			<string>&lt;group&gt;</string>
		</dict>
		<key>53D3BB6619F8296A00BF17A2</key>
		<dict>
			<key>isa</key>
			<string>PBXFileReference</string>
			<key>lastKnownFileType</key>
			<string>file</string>
			<key>path</key>
			<string>Lato-BoldItalic.ttf</string>
			<key>sourceTree</key>
			<string>&lt;group&gt;</string>
		</dict>
		<key>53D3BB6719F8296A00BF17A2</key>
		<dict>
			<key>isa</key>
			<string>PBXFileReference</string>
			<key>lastKnownFileType</key>
			<string>file</string>
			<key>path</key>
			<string>Lato-Hairline.ttf</string>
			<key>sourceTree</key>
			<string>&lt;group&gt;</string>
		</dict>
		<key>53D3BB6819F8296A00BF17A2</key>
		<dict>
			<key>isa</key>
			<string>PBXFileReference</string>
			<key>lastKnownFileType</key>
			<string>file</string>
			<key>path</key>
			<string>Lato-HairlineItalic.ttf</string>
			<key>sourceTree</key>
			<string>&lt;group&gt;</string>
		</dict>
		<key>53D3BB6919F8296A00BF17A2</key>
		<dict>
			<key>isa</key>
			<string>PBXFileReference</string>
			<key>lastKnownFileType</key>
			<string>file</string>
			<key>path</key>
			<string>Lato-Heavy.ttf</string>
			<key>sourceTree</key>
			<string>&lt;group&gt;</string>
		</dict>
		<key>53D3BB6A19F8296A00BF17A2</key>
		<dict>
			<key>isa</key>
			<string>PBXFileReference</string>
			<key>lastKnownFileType</key>
			<string>file</string>
			<key>path</key>
			<string>Lato-HeavyItalic.ttf</string>
			<key>sourceTree</key>
			<string>&lt;group&gt;</string>
		</dict>
		<key>53D3BB6B19F8296A00BF17A2</key>
		<dict>
			<key>isa</key>
			<string>PBXFileReference</string>
			<key>lastKnownFileType</key>
			<string>file</string>
			<key>path</key>
			<string>Lato-Italic.ttf</string>
			<key>sourceTree</key>
			<string>&lt;group&gt;</string>
		</dict>
		<key>53D3BB6C19F8296A00BF17A2</key>
		<dict>
			<key>isa</key>
			<string>PBXFileReference</string>
			<key>lastKnownFileType</key>
			<string>file</string>
			<key>path</key>
			<string>Lato-Light.ttf</string>
			<key>sourceTree</key>
			<string>&lt;group&gt;</string>
		</dict>
		<key>53D3BB6D19F8296A00BF17A2</key>
		<dict>
			<key>isa</key>
			<string>PBXFileReference</string>
			<key>lastKnownFileType</key>
			<string>file</string>
			<key>path</key>
			<string>Lato-LightItalic.ttf</string>
			<key>sourceTree</key>
			<string>&lt;group&gt;</string>
		</dict>
		<key>53D3BB6E19F8296A00BF17A2</key>
		<dict>
			<key>isa</key>
			<string>PBXFileReference</string>
			<key>lastKnownFileType</key>
			<string>file</string>
			<key>path</key>
			<string>Lato-Medium.ttf</string>
			<key>sourceTree</key>
			<string>&lt;group&gt;</string>
		</dict>
		<key>53D3BB6F19F8296A00BF17A2</key>
		<dict>
			<key>isa</key>
			<string>PBXFileReference</string>
			<key>lastKnownFileType</key>
			<string>file</string>
			<key>path</key>
			<string>Lato-MediumItalic.ttf</string>
			<key>sourceTree</key>
			<string>&lt;group&gt;</string>
		</dict>
		<key>53D3BB7019F8296A00BF17A2</key>
		<dict>
			<key>isa</key>
			<string>PBXFileReference</string>
			<key>lastKnownFileType</key>
			<string>file</string>
			<key>path</key>
			<string>Lato-Regular.ttf</string>
			<key>sourceTree</key>
			<string>&lt;group&gt;</string>
		</dict>
		<key>53D3BB7119F8296A00BF17A2</key>
		<dict>
			<key>isa</key>
			<string>PBXFileReference</string>
			<key>lastKnownFileType</key>
			<string>file</string>
			<key>path</key>
			<string>Lato-Semibold.ttf</string>
			<key>sourceTree</key>
			<string>&lt;group&gt;</string>
		</dict>
		<key>53D3BB7219F8296A00BF17A2</key>
		<dict>
			<key>isa</key>
			<string>PBXFileReference</string>
			<key>lastKnownFileType</key>
			<string>file</string>
			<key>path</key>
			<string>Lato-SemiboldItalic.ttf</string>
			<key>sourceTree</key>
			<string>&lt;group&gt;</string>
		</dict>
		<key>53D3BB7319F8296A00BF17A2</key>
		<dict>
			<key>isa</key>
			<string>PBXFileReference</string>
			<key>lastKnownFileType</key>
			<string>file</string>
			<key>path</key>
			<string>Lato-Thin.ttf</string>
			<key>sourceTree</key>
			<string>&lt;group&gt;</string>
		</dict>
		<key>53D3BB7419F8296A00BF17A2</key>
		<dict>
			<key>isa</key>
			<string>PBXFileReference</string>
			<key>lastKnownFileType</key>
			<string>file</string>
			<key>path</key>
			<string>Lato-ThinItalic.ttf</string>
			<key>sourceTree</key>
			<string>&lt;group&gt;</string>
		</dict>
		<key>53D3BB7519F8296A00BF17A2</key>
		<dict>
			<key>fileRef</key>
			<string>53D3BB6319F8296A00BF17A2</string>
			<key>isa</key>
			<string>PBXBuildFile</string>
		</dict>
		<key>53D3BB7619F8296A00BF17A2</key>
		<dict>
			<key>fileRef</key>
			<string>53D3BB6419F8296A00BF17A2</string>
			<key>isa</key>
			<string>PBXBuildFile</string>
		</dict>
		<key>53D3BB7719F8296A00BF17A2</key>
		<dict>
			<key>fileRef</key>
			<string>53D3BB6519F8296A00BF17A2</string>
			<key>isa</key>
			<string>PBXBuildFile</string>
		</dict>
		<key>53D3BB7819F8296A00BF17A2</key>
		<dict>
			<key>fileRef</key>
			<string>53D3BB6619F8296A00BF17A2</string>
			<key>isa</key>
			<string>PBXBuildFile</string>
		</dict>
		<key>53D3BB7919F8296A00BF17A2</key>
		<dict>
			<key>fileRef</key>
			<string>53D3BB6719F8296A00BF17A2</string>
			<key>isa</key>
			<string>PBXBuildFile</string>
		</dict>
		<key>53D3BB7A19F8296A00BF17A2</key>
		<dict>
			<key>fileRef</key>
			<string>53D3BB6819F8296A00BF17A2</string>
			<key>isa</key>
			<string>PBXBuildFile</string>
		</dict>
		<key>53D3BB7B19F8296A00BF17A2</key>
		<dict>
			<key>fileRef</key>
			<string>53D3BB6919F8296A00BF17A2</string>
			<key>isa</key>
			<string>PBXBuildFile</string>
		</dict>
		<key>53D3BB7C19F8296A00BF17A2</key>
		<dict>
			<key>fileRef</key>
			<string>53D3BB6A19F8296A00BF17A2</string>
			<key>isa</key>
			<string>PBXBuildFile</string>
		</dict>
		<key>53D3BB7D19F8296A00BF17A2</key>
		<dict>
			<key>fileRef</key>
			<string>53D3BB6B19F8296A00BF17A2</string>
			<key>isa</key>
			<string>PBXBuildFile</string>
		</dict>
		<key>53D3BB7E19F8296A00BF17A2</key>
		<dict>
			<key>fileRef</key>
			<string>53D3BB6C19F8296A00BF17A2</string>
			<key>isa</key>
			<string>PBXBuildFile</string>
		</dict>
		<key>53D3BB7F19F8296A00BF17A2</key>
		<dict>
			<key>fileRef</key>
			<string>53D3BB6D19F8296A00BF17A2</string>
			<key>isa</key>
			<string>PBXBuildFile</string>
		</dict>
		<key>53D3BB8019F8296A00BF17A2</key>
		<dict>
			<key>fileRef</key>
			<string>53D3BB6E19F8296A00BF17A2</string>
			<key>isa</key>
			<string>PBXBuildFile</string>
		</dict>
		<key>53D3BB8119F8296A00BF17A2</key>
		<dict>
			<key>fileRef</key>
			<string>53D3BB6F19F8296A00BF17A2</string>
			<key>isa</key>
			<string>PBXBuildFile</string>
		</dict>
		<key>53D3BB8219F8296A00BF17A2</key>
		<dict>
			<key>fileRef</key>
			<string>53D3BB7019F8296A00BF17A2</string>
			<key>isa</key>
			<string>PBXBuildFile</string>
		</dict>
		<key>53D3BB8319F8296A00BF17A2</key>
		<dict>
			<key>fileRef</key>
			<string>53D3BB7119F8296A00BF17A2</string>
			<key>isa</key>
			<string>PBXBuildFile</string>
		</dict>
		<key>53D3BB8419F8296A00BF17A2</key>
		<dict>
			<key>fileRef</key>
			<string>53D3BB7219F8296A00BF17A2</string>
			<key>isa</key>
			<string>PBXBuildFile</string>
		</dict>
		<key>53D3BB8519F8296A00BF17A2</key>
		<dict>
			<key>fileRef</key>
			<string>53D3BB7319F8296A00BF17A2</string>
			<key>isa</key>
			<string>PBXBuildFile</string>
		</dict>
		<key>53D3BB8619F8296A00BF17A2</key>
		<dict>
			<key>fileRef</key>
			<string>53D3BB7419F8296A00BF17A2</string>
			<key>isa</key>
			<string>PBXBuildFile</string>
		</dict>
		<key>53D3BB8719F82C8400BF17A2</key>
		<dict>
			<key>fileEncoding</key>
			<string>4</string>
			<key>isa</key>
			<string>PBXFileReference</string>
			<key>lastKnownFileType</key>
			<string>sourcecode.c.objc</string>
			<key>path</key>
			<string>TCCustomFont.m</string>
			<key>sourceTree</key>
			<string>&lt;group&gt;</string>
		</dict>
		<key>53D3BB8819F82C8400BF17A2</key>
		<dict>
			<key>fileRef</key>
			<string>53D3BB8719F82C8400BF17A2</string>
			<key>isa</key>
			<string>PBXBuildFile</string>
		</dict>
		<key>53E0D74E1A19597000BB3006</key>
		<dict>
			<key>fileEncoding</key>
			<string>4</string>
			<key>isa</key>
			<string>PBXFileReference</string>
			<key>lastKnownFileType</key>
			<string>sourcecode.c.objc</string>
			<key>path</key>
			<string>TripSpecTests.m</string>
			<key>sourceTree</key>
			<string>&lt;group&gt;</string>
		</dict>
		<key>53E0D74F1A19597000BB3006</key>
		<dict>
			<key>fileRef</key>
			<string>53E0D74E1A19597000BB3006</string>
			<key>isa</key>
			<string>PBXBuildFile</string>
		</dict>
		<key>53E43C6A19D0F61700EE28D0</key>
		<dict>
			<key>fileEncoding</key>
			<string>4</string>
			<key>isa</key>
			<string>PBXFileReference</string>
			<key>lastKnownFileType</key>
			<string>sourcecode.c.h</string>
			<key>path</key>
			<string>DriverCell.h</string>
			<key>sourceTree</key>
			<string>&lt;group&gt;</string>
		</dict>
		<key>53E43C6B19D0F61700EE28D0</key>
		<dict>
			<key>fileEncoding</key>
			<string>4</string>
			<key>isa</key>
			<string>PBXFileReference</string>
			<key>lastKnownFileType</key>
			<string>sourcecode.c.objc</string>
			<key>path</key>
			<string>DriverCell.m</string>
			<key>sourceTree</key>
			<string>&lt;group&gt;</string>
		</dict>
		<key>53E43C6C19D0F61700EE28D0</key>
		<dict>
			<key>fileRef</key>
			<string>53E43C6B19D0F61700EE28D0</string>
			<key>isa</key>
			<string>PBXBuildFile</string>
		</dict>
		<key>53FFC62419E44BBA00780E7D</key>
		<dict>
			<key>isa</key>
			<string>PBXFileReference</string>
			<key>lastKnownFileType</key>
			<string>wrapper.xcdatamodel</string>
			<key>path</key>
			<string>DriverModel 2.xcdatamodel</string>
			<key>sourceTree</key>
			<string>&lt;group&gt;</string>
		</dict>
		<key>56E33B5235681850E3EBC330</key>
		<dict>
			<key>includeInIndex</key>
			<string>1</string>
			<key>isa</key>
			<string>PBXFileReference</string>
			<key>lastKnownFileType</key>
			<string>text.xcconfig</string>
			<key>name</key>
			<string>Pods.debug.xcconfig</string>
			<key>path</key>
			<string>Pods/Target Support Files/Pods/Pods.debug.xcconfig</string>
			<key>sourceTree</key>
			<string>&lt;group&gt;</string>
		</dict>
		<key>575D11FE46E984BC4FED6D54</key>
		<dict>
			<key>children</key>
			<array>
				<string>F095A506A2807F63F27C9CD8</string>
			</array>
			<key>isa</key>
			<string>PBXGroup</string>
			<key>name</key>
			<string>Frameworks</string>
			<key>sourceTree</key>
			<string>&lt;group&gt;</string>
		</dict>
		<key>B8C7E398B5616B3CFC4F4284</key>
		<dict>
			<key>buildActionMask</key>
			<string>2147483647</string>
			<key>files</key>
			<array/>
			<key>inputPaths</key>
			<array/>
			<key>isa</key>
			<string>PBXShellScriptBuildPhase</string>
			<key>name</key>
			<string>Check Pods Manifest.lock</string>
			<key>outputPaths</key>
			<array/>
			<key>runOnlyForDeploymentPostprocessing</key>
			<string>0</string>
			<key>shellPath</key>
			<string>/bin/sh</string>
			<key>shellScript</key>
			<string>diff "${PODS_ROOT}/../Podfile.lock" "${PODS_ROOT}/Manifest.lock" &gt; /dev/null
if [[ $? != 0 ]] ; then
    cat &lt;&lt; EOM
error: The sandbox is not in sync with the Podfile.lock. Run 'pod install' or update your CocoaPods installation.
EOM
    exit 1
fi
</string>
			<key>showEnvVarsInLog</key>
			<string>0</string>
		</dict>
		<key>E39AD54EE19CD404D9CFC243</key>
		<dict>
			<key>includeInIndex</key>
			<string>1</string>
			<key>isa</key>
			<string>PBXFileReference</string>
			<key>lastKnownFileType</key>
			<string>text.xcconfig</string>
			<key>name</key>
			<string>Pods.release.xcconfig</string>
			<key>path</key>
			<string>Pods/Target Support Files/Pods/Pods.release.xcconfig</string>
			<key>sourceTree</key>
			<string>&lt;group&gt;</string>
		</dict>
		<key>F095A506A2807F63F27C9CD8</key>
		<dict>
			<key>explicitFileType</key>
			<string>archive.ar</string>
			<key>includeInIndex</key>
			<string>0</string>
			<key>isa</key>
			<string>PBXFileReference</string>
			<key>path</key>
			<string>libPods.a</string>
			<key>sourceTree</key>
			<string>BUILT_PRODUCTS_DIR</string>
		</dict>
		<key>F1D058A52D8F8539621157AA</key>
		<dict>
			<key>children</key>
			<array>
				<string>56E33B5235681850E3EBC330</string>
				<string>E39AD54EE19CD404D9CFC243</string>
			</array>
			<key>isa</key>
			<string>PBXGroup</string>
			<key>name</key>
			<string>Pods</string>
			<key>sourceTree</key>
			<string>&lt;group&gt;</string>
		</dict>
	</dict>
	<key>rootObject</key>
	<string>53098A6519CBE60E00274FEE</string>
</dict>
</plist>
